
Microsoft Visual Studio Solution File, Format Version 12.00
# Visual Studio 15
VisualStudioVersion = 15.0.26730.12
MinimumVisualStudioVersion = 10.0.40219.1
Project("{FAE04EC0-301F-11D3-BF4B-00C04F79EFBC}") = "Unturned 4.0 Faker", "Unturned 4.0 Faker\Unturned 4.0 Faker.csproj", "{1201DB00-182B-4699-AC95-3DF9CE4C931B}"
EndProject
Project("{FAE04EC0-301F-11D3-BF4B-00C04F79EFBC}") = "Unturned 4.0 Faker (No Console)", "Unturned 4.0 Faker (No Console)\Unturned 4.0 Faker (No Console).csproj", "{A0A05841-4A46-4688-9F34-DDFB5AE98339}"
EndProject
Global
	GlobalSection(SolutionConfigurationPlatforms) = preSolution
		Debug|Any CPU = Debug|Any CPU
		Release|Any CPU = Release|Any CPU
	EndGlobalSection
	GlobalSection(ProjectConfigurationPlatforms) = postSolution
		{1201DB00-182B-4699-AC95-3DF9CE4C931B}.Debug|Any CPU.ActiveCfg = Debug|Any CPU
		{1201DB00-182B-4699-AC95-3DF9CE4C931B}.Debug|Any CPU.Build.0 = Debug|Any CPU
		{1201DB00-182B-4699-AC95-3DF9CE4C931B}.Release|Any CPU.ActiveCfg = Release|Any CPU
		{1201DB00-182B-4699-AC95-3DF9CE4C931B}.Release|Any CPU.Build.0 = Release|Any CPU
		{A0A05841-4A46-4688-9F34-DDFB5AE98339}.Debug|Any CPU.ActiveCfg = Debug|Any CPU
		{A0A05841-4A46-4688-9F34-DDFB5AE98339}.Debug|Any CPU.Build.0 = Debug|Any CPU
		{A0A05841-4A46-4688-9F34-DDFB5AE98339}.Release|Any CPU.ActiveCfg = Release|Any CPU
		{A0A05841-4A46-4688-9F34-DDFB5AE98339}.Release|Any CPU.Build.0 = Release|Any CPU
	EndGlobalSection
	GlobalSection(SolutionProperties) = preSolution
		HideSolutionNode = FALSE
	EndGlobalSection
	GlobalSection(ExtensibilityGlobals) = postSolution
		SolutionGuid = {ADF46682-AF1E-435F-9FD5-5A9EF5D2AD7A}
	EndGlobalSection
EndGlobal
